
Microsoft Visual Studio Solution File, Format Version 12.00
# Visual Studio Version 16
VisualStudioVersion = 16.0.32901.82
MinimumVisualStudioVersion = 10.0.40219.1
Project("{FAE04EC0-301F-11D3-BF4B-00C04F79EFBC}") = "Stacks", "Stacks\Stacks.csproj", "{594D18F6-6406-4AC8-8633-94ADD3154D58}"
EndProject
Project("{FAE04EC0-301F-11D3-BF4B-00C04F79EFBC}") = "Queues", "Queues\Queues.csproj", "{51B24A93-F53E-4A18-AC5B-F42A233BEEBD}"
EndProject
Project("{FAE04EC0-301F-11D3-BF4B-00C04F79EFBC}") = "Hashtable", "Hashtable\Hashtable.csproj", "{8A948DBC-812A-432B-9EAE-ABDD2F563334}"
EndProject
Global
	GlobalSection(SolutionConfigurationPlatforms) = preSolution
		Debug|Any CPU = Debug|Any CPU
		Release|Any CPU = Release|Any CPU
	EndGlobalSection
	GlobalSection(ProjectConfigurationPlatforms) = postSolution
		{594D18F6-6406-4AC8-8633-94ADD3154D58}.Debug|Any CPU.ActiveCfg = Debug|Any CPU
		{594D18F6-6406-4AC8-8633-94ADD3154D58}.Debug|Any CPU.Build.0 = Debug|Any CPU
		{594D18F6-6406-4AC8-8633-94ADD3154D58}.Release|Any CPU.ActiveCfg = Release|Any CPU
		{594D18F6-6406-4AC8-8633-94ADD3154D58}.Release|Any CPU.Build.0 = Release|Any CPU
		{51B24A93-F53E-4A18-AC5B-F42A233BEEBD}.Debug|Any CPU.ActiveCfg = Debug|Any CPU
		{51B24A93-F53E-4A18-AC5B-F42A233BEEBD}.Debug|Any CPU.Build.0 = Debug|Any CPU
		{51B24A93-F53E-4A18-AC5B-F42A233BEEBD}.Release|Any CPU.ActiveCfg = Release|Any CPU
		{51B24A93-F53E-4A18-AC5B-F42A233BEEBD}.Release|Any CPU.Build.0 = Release|Any CPU
		{8A948DBC-812A-432B-9EAE-ABDD2F563334}.Debug|Any CPU.ActiveCfg = Debug|Any CPU
		{8A948DBC-812A-432B-9EAE-ABDD2F563334}.Debug|Any CPU.Build.0 = Debug|Any CPU
		{8A948DBC-812A-432B-9EAE-ABDD2F563334}.Release|Any CPU.ActiveCfg = Release|Any CPU
		{8A948DBC-812A-432B-9EAE-ABDD2F563334}.Release|Any CPU.Build.0 = Release|Any CPU
	EndGlobalSection
	GlobalSection(SolutionProperties) = preSolution
		HideSolutionNode = FALSE
	EndGlobalSection
	GlobalSection(ExtensibilityGlobals) = postSolution
		SolutionGuid = {4001EDF9-D822-4AB0-8D74-A596B54A6DB8}
	EndGlobalSection
EndGlobal
