
Microsoft Visual Studio Solution File, Format Version 12.00
# Visual Studio Version 17
VisualStudioVersion = 17.2.32516.85
MinimumVisualStudioVersion = 10.0.40219.1
Project("{9A19103F-16F7-4668-BE54-9A1E7A4F7556}") = "DFSMinPath", "\VBOXSVR\tmp\m\Week9\DFSMinPath\DFSMinPath.csproj", "{95937BD1-2664-421A-99E2-A2F918E71DFE}"
EndProject
Project("{9A19103F-16F7-4668-BE54-9A1E7A4F7556}") = "BFSMinPath", "\VBOXSVR\tmp\m\Week9\BFSMinPath\BFSMinPath.csproj", "{EBC14705-7420-44A7-8A73-D0B3B65B010F}"
EndProject
Project("{FAE04EC0-301F-11D3-BF4B-00C04F79EFBC}") = "Dijkstra", "\VBOXSVR\tmp\m\Week9\Dijkstra\Dijkstra.csproj", "{10A1CEC4-2618-4F61-A059-B7518F388E37}"
EndProject
Global
	GlobalSection(SolutionConfigurationPlatforms) = preSolution
		Debug|Any CPU = Debug|Any CPU
		Release|Any CPU = Release|Any CPU
	EndGlobalSection
	GlobalSection(ProjectConfigurationPlatforms) = postSolution
		{95937BD1-2664-421A-99E2-A2F918E71DFE}.Debug|Any CPU.ActiveCfg = Debug|Any CPU
		{95937BD1-2664-421A-99E2-A2F918E71DFE}.Debug|Any CPU.Build.0 = Debug|Any CPU
		{95937BD1-2664-421A-99E2-A2F918E71DFE}.Release|Any CPU.ActiveCfg = Release|Any CPU
		{95937BD1-2664-421A-99E2-A2F918E71DFE}.Release|Any CPU.Build.0 = Release|Any CPU
		{EBC14705-7420-44A7-8A73-D0B3B65B010F}.Debug|Any CPU.ActiveCfg = Debug|Any CPU
		{EBC14705-7420-44A7-8A73-D0B3B65B010F}.Debug|Any CPU.Build.0 = Debug|Any CPU
		{EBC14705-7420-44A7-8A73-D0B3B65B010F}.Release|Any CPU.ActiveCfg = Release|Any CPU
		{EBC14705-7420-44A7-8A73-D0B3B65B010F}.Release|Any CPU.Build.0 = Release|Any CPU
		{10A1CEC4-2618-4F61-A059-B7518F388E37}.Debug|Any CPU.ActiveCfg = Debug|Any CPU
		{10A1CEC4-2618-4F61-A059-B7518F388E37}.Debug|Any CPU.Build.0 = Debug|Any CPU
		{10A1CEC4-2618-4F61-A059-B7518F388E37}.Release|Any CPU.ActiveCfg = Release|Any CPU
		{10A1CEC4-2618-4F61-A059-B7518F388E37}.Release|Any CPU.Build.0 = Release|Any CPU
	EndGlobalSection
	GlobalSection(SolutionProperties) = preSolution
		HideSolutionNode = FALSE
	EndGlobalSection
	GlobalSection(ExtensibilityGlobals) = postSolution
		SolutionGuid = {ECE3C0E8-1CDD-4148-9469-63BBAC85841A}
	EndGlobalSection
EndGlobal
