
Microsoft Visual Studio Solution File, Format Version 12.00
# Visual Studio Version 16
VisualStudioVersion = 16.0.32901.82
MinimumVisualStudioVersion = 10.0.40219.1
Project("{9A19103F-16F7-4668-BE54-9A1E7A4F7556}") = "TreverseTrees", "TreverseTrees\TreverseTrees.csproj", "{409E936E-FFD9-4EC1-A208-B616F9C20681}"
EndProject
Project("{9A19103F-16F7-4668-BE54-9A1E7A4F7556}") = "PostfixNotation", "PostfixNotation\PostfixNotation.csproj", "{197114D6-4C9F-454E-9A32-9C869072E4AE}"
EndProject
Project("{9A19103F-16F7-4668-BE54-9A1E7A4F7556}") = "ExpressionTree", "ExpressionTree\ExpressionTree.csproj", "{39ECDEE9-65F9-4A90-8700-58D1AA19F156}"
EndProject
Project("{2150E333-8FDC-42A3-9474-1A3956D46DE8}") = "Solution Items", "Solution Items", "{AD37A0E9-6EB6-41DC-B05C-543CBE0BA6E2}"
	ProjectSection(SolutionItems) = preProject
		.editorconfig = .editorconfig
	EndProjectSection
EndProject
Global
	GlobalSection(SolutionConfigurationPlatforms) = preSolution
		Debug|Any CPU = Debug|Any CPU
		Release|Any CPU = Release|Any CPU
	EndGlobalSection
	GlobalSection(ProjectConfigurationPlatforms) = postSolution
		{409E936E-FFD9-4EC1-A208-B616F9C20681}.Debug|Any CPU.ActiveCfg = Debug|Any CPU
		{409E936E-FFD9-4EC1-A208-B616F9C20681}.Debug|Any CPU.Build.0 = Debug|Any CPU
		{409E936E-FFD9-4EC1-A208-B616F9C20681}.Release|Any CPU.ActiveCfg = Release|Any CPU
		{409E936E-FFD9-4EC1-A208-B616F9C20681}.Release|Any CPU.Build.0 = Release|Any CPU
		{197114D6-4C9F-454E-9A32-9C869072E4AE}.Debug|Any CPU.ActiveCfg = Debug|Any CPU
		{197114D6-4C9F-454E-9A32-9C869072E4AE}.Debug|Any CPU.Build.0 = Debug|Any CPU
		{197114D6-4C9F-454E-9A32-9C869072E4AE}.Release|Any CPU.ActiveCfg = Release|Any CPU
		{197114D6-4C9F-454E-9A32-9C869072E4AE}.Release|Any CPU.Build.0 = Release|Any CPU
		{39ECDEE9-65F9-4A90-8700-58D1AA19F156}.Debug|Any CPU.ActiveCfg = Debug|Any CPU
		{39ECDEE9-65F9-4A90-8700-58D1AA19F156}.Debug|Any CPU.Build.0 = Debug|Any CPU
		{39ECDEE9-65F9-4A90-8700-58D1AA19F156}.Release|Any CPU.ActiveCfg = Release|Any CPU
		{39ECDEE9-65F9-4A90-8700-58D1AA19F156}.Release|Any CPU.Build.0 = Release|Any CPU
	EndGlobalSection
	GlobalSection(SolutionProperties) = preSolution
		HideSolutionNode = FALSE
	EndGlobalSection
	GlobalSection(ExtensibilityGlobals) = postSolution
		SolutionGuid = {F9AB4397-935F-439D-BA3E-8DA84DEB6FDC}
	EndGlobalSection
EndGlobal
